
Microsoft Visual Studio Solution File, Format Version 12.00
# Visual Studio Version 17
VisualStudioVersion = 17.10.34916.146
MinimumVisualStudioVersion = 10.0.40219.1
Project("{FAE04EC0-301F-11D3-BF4B-00C04F79EFBC}") = "Smartphones", "Smartphones.csproj", "{1442740C-76FA-4990-9750-49AD077890B3}"
EndProject
Global
	GlobalSection(SolutionConfigurationPlatforms) = preSolution
		Debug|Any CPU = Debug|Any CPU
		Release|Any CPU = Release|Any CPU
	EndGlobalSection
	GlobalSection(ProjectConfigurationPlatforms) = postSolution
		{1442740C-76FA-4990-9750-49AD077890B3}.Debug|Any CPU.ActiveCfg = Debug|Any CPU
		{1442740C-76FA-4990-9750-49AD077890B3}.Debug|Any CPU.Build.0 = Debug|Any CPU
		{1442740C-76FA-4990-9750-49AD077890B3}.Release|Any CPU.ActiveCfg = Release|Any CPU
		{1442740C-76FA-4990-9750-49AD077890B3}.Release|Any CPU.Build.0 = Release|Any CPU
	EndGlobalSection
	GlobalSection(SolutionProperties) = preSolution
		HideSolutionNode = FALSE
	EndGlobalSection
	GlobalSection(ExtensibilityGlobals) = postSolution
		SolutionGuid = {A9482181-22C4-4FA6-8948-F982BC611DF4}
	EndGlobalSection
EndGlobal
